
Microsoft Visual Studio Solution File, Format Version 12.00
# Visual Studio Version 17
VisualStudioVersion = 17.6.33801.468
MinimumVisualStudioVersion = 10.0.40219.1
Project("{9A19103F-16F7-4668-BE54-9A1E7A4F7556}") = "DataClient", "DataClient\DataClient.csproj", "{CDC8DFFC-72E6-4858-B645-9E97E909EC51}"
EndProject
Project("{9A19103F-16F7-4668-BE54-9A1E7A4F7556}") = "DataClientTest", "DataClientTest\DataClientTest.csproj", "{E8F1D46D-156C-4BA2-AAB6-FBA5AD54E518}"
EndProject
Project("{2150E333-8FDC-42A3-9474-1A3956D46DE8}") = "Solution Items", "Solution Items", "{3DB5C0FB-4B93-405F-850F-66D2226D84E2}"
	ProjectSection(SolutionItems) = preProject
		.editorconfig = .editorconfig
	EndProjectSection
EndProject
Project("{FAE04EC0-301F-11D3-BF4B-00C04F79EFBC}") = "DataClient.MongoDB", "DataClient.MongoDB\DataClient.MongoDB.csproj", "{9A561282-69CB-49D8-B563-652BCEE2BF27}"
EndProject
Global
	GlobalSection(SolutionConfigurationPlatforms) = preSolution
		Debug|Any CPU = Debug|Any CPU
		Release|Any CPU = Release|Any CPU
	EndGlobalSection
	GlobalSection(ProjectConfigurationPlatforms) = postSolution
		{CDC8DFFC-72E6-4858-B645-9E97E909EC51}.Debug|Any CPU.ActiveCfg = Debug|Any CPU
		{CDC8DFFC-72E6-4858-B645-9E97E909EC51}.Debug|Any CPU.Build.0 = Debug|Any CPU
		{CDC8DFFC-72E6-4858-B645-9E97E909EC51}.Release|Any CPU.ActiveCfg = Release|Any CPU
		{CDC8DFFC-72E6-4858-B645-9E97E909EC51}.Release|Any CPU.Build.0 = Release|Any CPU
		{E8F1D46D-156C-4BA2-AAB6-FBA5AD54E518}.Debug|Any CPU.ActiveCfg = Debug|Any CPU
		{E8F1D46D-156C-4BA2-AAB6-FBA5AD54E518}.Debug|Any CPU.Build.0 = Debug|Any CPU
		{E8F1D46D-156C-4BA2-AAB6-FBA5AD54E518}.Release|Any CPU.ActiveCfg = Release|Any CPU
		{E8F1D46D-156C-4BA2-AAB6-FBA5AD54E518}.Release|Any CPU.Build.0 = Release|Any CPU
		{9A561282-69CB-49D8-B563-652BCEE2BF27}.Debug|Any CPU.ActiveCfg = Debug|Any CPU
		{9A561282-69CB-49D8-B563-652BCEE2BF27}.Debug|Any CPU.Build.0 = Debug|Any CPU
		{9A561282-69CB-49D8-B563-652BCEE2BF27}.Release|Any CPU.ActiveCfg = Release|Any CPU
		{9A561282-69CB-49D8-B563-652BCEE2BF27}.Release|Any CPU.Build.0 = Release|Any CPU
	EndGlobalSection
	GlobalSection(SolutionProperties) = preSolution
		HideSolutionNode = FALSE
	EndGlobalSection
	GlobalSection(ExtensibilityGlobals) = postSolution
		SolutionGuid = {385D1467-9310-40C7-830A-2DD241A9C05C}
	EndGlobalSection
EndGlobal
